
Microsoft Visual Studio Solution File, Format Version 12.00
# Visual Studio 15
VisualStudioVersion = 15.0.26430.6
MinimumVisualStudioVersion = 10.0.40219.1
Project("{9A19103F-16F7-4668-BE54-9A1E7A4F7556}") = "Expenses", "src\Expenses\Expenses.csproj", "{E0D1EEB5-0426-4277-BC5E-63B3DD4DE5DC}"
EndProject
Project("{FAE04EC0-301F-11D3-BF4B-00C04F79EFBC}") = "Expenses.Api.Models", "src\Expenses.Api.Models\Expenses.Api.Models.csproj", "{B19D5EE5-E864-46B8-8897-AE4E02FD26DE}"
EndProject
Project("{FAE04EC0-301F-11D3-BF4B-00C04F79EFBC}") = "Expenses.Api.Common", "src\Expenses.Api.Common\Expenses.Api.Common.csproj", "{62CC84B5-771E-4336-9D49-747DF239AC78}"
EndProject
Project("{FAE04EC0-301F-11D3-BF4B-00C04F79EFBC}") = "Expenses.Data.Model", "src\Expenses.Data.Model\Expenses.Data.Model.csproj", "{E08E4E38-CE08-43BA-9372-F63ACD2758B6}"
EndProject
Project("{FAE04EC0-301F-11D3-BF4B-00C04F79EFBC}") = "Expenses.Queries", "src\Expenses.Queries\Expenses.Queries.csproj", "{9BCBA793-35CA-440D-ACA5-C5654DDE00FE}"
EndProject
Project("{FAE04EC0-301F-11D3-BF4B-00C04F79EFBC}") = "Expenses.Data.Access", "src\Expenses.Data.Access\Expenses.Data.Access.csproj", "{4C7C38FC-F01A-4363-8B05-782A5AF16CFF}"
EndProject
Project("{FAE04EC0-301F-11D3-BF4B-00C04F79EFBC}") = "Expenses.Queries.Tests", "tests\Expenses.Queries.Tests\Expenses.Queries.Tests.csproj", "{46D08EDA-96FF-4790-BE59-3E898237C05A}"
EndProject
Project("{2150E333-8FDC-42A3-9474-1A3956D46DE8}") = "src", "src", "{59A8DD03-2A33-4DE1-AD53-9A359E60001B}"
EndProject
Project("{2150E333-8FDC-42A3-9474-1A3956D46DE8}") = "tests", "tests", "{FEF2A9C0-07A1-4E2F-935D-439E434D7774}"
EndProject
Project("{FAE04EC0-301F-11D3-BF4B-00C04F79EFBC}") = "Expenses.Api.IntegrationTests", "tests\Expenses.Api.IntegrationTests\Expenses.Api.IntegrationTests.csproj", "{86B596D9-4C19-493D-8AC9-F73F944F0A0F}"
EndProject
Project("{FAE04EC0-301F-11D3-BF4B-00C04F79EFBC}") = "Expenses.Security", "src\Expenses.Security\Expenses.Security.csproj", "{5E4A3640-ABA0-4CD5-AE50-58EDA4CFF7EB}"
EndProject
Global
	GlobalSection(SolutionConfigurationPlatforms) = preSolution
		Debug|Any CPU = Debug|Any CPU
		Release|Any CPU = Release|Any CPU
	EndGlobalSection
	GlobalSection(ProjectConfigurationPlatforms) = postSolution
		{E0D1EEB5-0426-4277-BC5E-63B3DD4DE5DC}.Debug|Any CPU.ActiveCfg = Debug|Any CPU
		{E0D1EEB5-0426-4277-BC5E-63B3DD4DE5DC}.Debug|Any CPU.Build.0 = Debug|Any CPU
		{E0D1EEB5-0426-4277-BC5E-63B3DD4DE5DC}.Release|Any CPU.ActiveCfg = Release|Any CPU
		{E0D1EEB5-0426-4277-BC5E-63B3DD4DE5DC}.Release|Any CPU.Build.0 = Release|Any CPU
		{B19D5EE5-E864-46B8-8897-AE4E02FD26DE}.Debug|Any CPU.ActiveCfg = Debug|Any CPU
		{B19D5EE5-E864-46B8-8897-AE4E02FD26DE}.Debug|Any CPU.Build.0 = Debug|Any CPU
		{B19D5EE5-E864-46B8-8897-AE4E02FD26DE}.Release|Any CPU.ActiveCfg = Release|Any CPU
		{B19D5EE5-E864-46B8-8897-AE4E02FD26DE}.Release|Any CPU.Build.0 = Release|Any CPU
		{62CC84B5-771E-4336-9D49-747DF239AC78}.Debug|Any CPU.ActiveCfg = Debug|Any CPU
		{62CC84B5-771E-4336-9D49-747DF239AC78}.Debug|Any CPU.Build.0 = Debug|Any CPU
		{62CC84B5-771E-4336-9D49-747DF239AC78}.Release|Any CPU.ActiveCfg = Release|Any CPU
		{62CC84B5-771E-4336-9D49-747DF239AC78}.Release|Any CPU.Build.0 = Release|Any CPU
		{E08E4E38-CE08-43BA-9372-F63ACD2758B6}.Debug|Any CPU.ActiveCfg = Debug|Any CPU
		{E08E4E38-CE08-43BA-9372-F63ACD2758B6}.Debug|Any CPU.Build.0 = Debug|Any CPU
		{E08E4E38-CE08-43BA-9372-F63ACD2758B6}.Release|Any CPU.ActiveCfg = Release|Any CPU
		{E08E4E38-CE08-43BA-9372-F63ACD2758B6}.Release|Any CPU.Build.0 = Release|Any CPU
		{9BCBA793-35CA-440D-ACA5-C5654DDE00FE}.Debug|Any CPU.ActiveCfg = Debug|Any CPU
		{9BCBA793-35CA-440D-ACA5-C5654DDE00FE}.Debug|Any CPU.Build.0 = Debug|Any CPU
		{9BCBA793-35CA-440D-ACA5-C5654DDE00FE}.Release|Any CPU.ActiveCfg = Release|Any CPU
		{9BCBA793-35CA-440D-ACA5-C5654DDE00FE}.Release|Any CPU.Build.0 = Release|Any CPU
		{4C7C38FC-F01A-4363-8B05-782A5AF16CFF}.Debug|Any CPU.ActiveCfg = Debug|Any CPU
		{4C7C38FC-F01A-4363-8B05-782A5AF16CFF}.Debug|Any CPU.Build.0 = Debug|Any CPU
		{4C7C38FC-F01A-4363-8B05-782A5AF16CFF}.Release|Any CPU.ActiveCfg = Release|Any CPU
		{4C7C38FC-F01A-4363-8B05-782A5AF16CFF}.Release|Any CPU.Build.0 = Release|Any CPU
		{46D08EDA-96FF-4790-BE59-3E898237C05A}.Debug|Any CPU.ActiveCfg = Debug|Any CPU
		{46D08EDA-96FF-4790-BE59-3E898237C05A}.Debug|Any CPU.Build.0 = Debug|Any CPU
		{46D08EDA-96FF-4790-BE59-3E898237C05A}.Release|Any CPU.ActiveCfg = Release|Any CPU
		{46D08EDA-96FF-4790-BE59-3E898237C05A}.Release|Any CPU.Build.0 = Release|Any CPU
		{86B596D9-4C19-493D-8AC9-F73F944F0A0F}.Debug|Any CPU.ActiveCfg = Debug|Any CPU
		{86B596D9-4C19-493D-8AC9-F73F944F0A0F}.Debug|Any CPU.Build.0 = Debug|Any CPU
		{86B596D9-4C19-493D-8AC9-F73F944F0A0F}.Release|Any CPU.ActiveCfg = Release|Any CPU
		{86B596D9-4C19-493D-8AC9-F73F944F0A0F}.Release|Any CPU.Build.0 = Release|Any CPU
		{5E4A3640-ABA0-4CD5-AE50-58EDA4CFF7EB}.Debug|Any CPU.ActiveCfg = Debug|Any CPU
		{5E4A3640-ABA0-4CD5-AE50-58EDA4CFF7EB}.Debug|Any CPU.Build.0 = Debug|Any CPU
		{5E4A3640-ABA0-4CD5-AE50-58EDA4CFF7EB}.Release|Any CPU.ActiveCfg = Release|Any CPU
		{5E4A3640-ABA0-4CD5-AE50-58EDA4CFF7EB}.Release|Any CPU.Build.0 = Release|Any CPU
	EndGlobalSection
	GlobalSection(SolutionProperties) = preSolution
		HideSolutionNode = FALSE
	EndGlobalSection
	GlobalSection(NestedProjects) = preSolution
		{E0D1EEB5-0426-4277-BC5E-63B3DD4DE5DC} = {59A8DD03-2A33-4DE1-AD53-9A359E60001B}
		{B19D5EE5-E864-46B8-8897-AE4E02FD26DE} = {59A8DD03-2A33-4DE1-AD53-9A359E60001B}
		{62CC84B5-771E-4336-9D49-747DF239AC78} = {59A8DD03-2A33-4DE1-AD53-9A359E60001B}
		{E08E4E38-CE08-43BA-9372-F63ACD2758B6} = {59A8DD03-2A33-4DE1-AD53-9A359E60001B}
		{9BCBA793-35CA-440D-ACA5-C5654DDE00FE} = {59A8DD03-2A33-4DE1-AD53-9A359E60001B}
		{4C7C38FC-F01A-4363-8B05-782A5AF16CFF} = {59A8DD03-2A33-4DE1-AD53-9A359E60001B}
		{46D08EDA-96FF-4790-BE59-3E898237C05A} = {FEF2A9C0-07A1-4E2F-935D-439E434D7774}
		{86B596D9-4C19-493D-8AC9-F73F944F0A0F} = {FEF2A9C0-07A1-4E2F-935D-439E434D7774}
		{5E4A3640-ABA0-4CD5-AE50-58EDA4CFF7EB} = {59A8DD03-2A33-4DE1-AD53-9A359E60001B}
	EndGlobalSection
EndGlobal
